
Microsoft Visual Studio Solution File, Format Version 12.00
# Visual Studio 2012
Project("{FAE04EC0-301F-11D3-BF4B-00C04F79EFBC}") = "ANC.Sales.Web.Mvc", "src\ANC.Sales.Web.Mvc\ANC.Sales.Web.Mvc.csproj", "{40DE5076-956D-4DDC-827D-AE5588B1BEB1}"
EndProject
Project("{FAE04EC0-301F-11D3-BF4B-00C04F79EFBC}") = "ANC.Sales.Data", "src\ANC.Sales.Data\ANC.Sales.Data.csproj", "{34247335-C339-43AF-AAF2-86D2D7715311}"
EndProject
Project("{2150E333-8FDC-42A3-9474-1A3956D46DE8}") = "config", "config", "{2EB895BE-914A-435D-8608-16C481D0FA31}"
	ProjectSection(SolutionItems) = preProject
		config\sample.json = config\sample.json
	EndProjectSection
EndProject
Project("{2150E333-8FDC-42A3-9474-1A3956D46DE8}") = "src", "src", "{921CC92F-69EB-464B-BD0B-318D43FD25D3}"
EndProject
Project("{2150E333-8FDC-42A3-9474-1A3956D46DE8}") = "tests", "tests", "{01EDAC98-929B-41B1-A23B-FF0A9693A6B7}"
EndProject
Project("{FAE04EC0-301F-11D3-BF4B-00C04F79EFBC}") = "ANC.Sales.Web.Test", "tests\ANC.Sales.Web.Test\ANC.Sales.Web.Test.csproj", "{FD99EE22-B656-41BF-A178-D8588364BED3}"
EndProject
Project("{FAE04EC0-301F-11D3-BF4B-00C04F79EFBC}") = "ANC.Sales.Commom", "src\ANC.Sales.Commom\ANC.Sales.Commom.csproj", "{1D63ECBA-B4DF-48D3-85FD-0827EA934992}"
EndProject
Project("{FAE04EC0-301F-11D3-BF4B-00C04F79EFBC}") = "ANC.Sales.Core.Test", "tests\ANC.Sales.Core.Test\ANC.Sales.Core.Test.csproj", "{71C0BE4E-51A1-4768-A86E-2AB412652B61}"
EndProject
Project("{FAE04EC0-301F-11D3-BF4B-00C04F79EFBC}") = "ANC.Sales.Data.Test", "tests\ANC.Sales.Data.Test\ANC.Sales.Data.Test.csproj", "{DD010DE6-241B-44B4-9118-D0B64FE12B7F}"
EndProject
Project("{FAE04EC0-301F-11D3-BF4B-00C04F79EFBC}") = "ANC.Sales.Web.Api", "src\ANC.Sales.Web.Api\ANC.Sales.Web.Api.csproj", "{294E48CA-EA0C-4187-AA4A-A849185DC0F7}"
EndProject
Project("{2150E333-8FDC-42A3-9474-1A3956D46DE8}") = "lib", "lib", "{53A8116D-8785-4C13-AF6A-A25F94B2BDC1}"
EndProject
Project("{FAE04EC0-301F-11D3-BF4B-00C04F79EFBC}") = "ANC.Sales.Web.Angular", "src\ANC.Sales.Web.Angular\ANC.Sales.Web.Angular.csproj", "{F7B2B328-FE1E-4B26-BC6E-216145B7AFF3}"
EndProject
Project("{FAE04EC0-301F-11D3-BF4B-00C04F79EFBC}") = "ANC.Sales.Commom.Test", "tests\ANC.Sales.Commom.Test\ANC.Sales.Commom.Test.csproj", "{1FF941BC-CADF-4BFD-B06D-9247F488CBB6}"
EndProject
Global
	GlobalSection(SolutionConfigurationPlatforms) = preSolution
		Debug|Any CPU = Debug|Any CPU
		Release|Any CPU = Release|Any CPU
	EndGlobalSection
	GlobalSection(ProjectConfigurationPlatforms) = postSolution
		{40DE5076-956D-4DDC-827D-AE5588B1BEB1}.Debug|Any CPU.ActiveCfg = Debug|Any CPU
		{40DE5076-956D-4DDC-827D-AE5588B1BEB1}.Debug|Any CPU.Build.0 = Debug|Any CPU
		{40DE5076-956D-4DDC-827D-AE5588B1BEB1}.Release|Any CPU.ActiveCfg = Release|Any CPU
		{40DE5076-956D-4DDC-827D-AE5588B1BEB1}.Release|Any CPU.Build.0 = Release|Any CPU
		{34247335-C339-43AF-AAF2-86D2D7715311}.Debug|Any CPU.ActiveCfg = Debug|Any CPU
		{34247335-C339-43AF-AAF2-86D2D7715311}.Debug|Any CPU.Build.0 = Debug|Any CPU
		{34247335-C339-43AF-AAF2-86D2D7715311}.Release|Any CPU.ActiveCfg = Release|Any CPU
		{34247335-C339-43AF-AAF2-86D2D7715311}.Release|Any CPU.Build.0 = Release|Any CPU
		{FD99EE22-B656-41BF-A178-D8588364BED3}.Debug|Any CPU.ActiveCfg = Debug|Any CPU
		{FD99EE22-B656-41BF-A178-D8588364BED3}.Debug|Any CPU.Build.0 = Debug|Any CPU
		{FD99EE22-B656-41BF-A178-D8588364BED3}.Release|Any CPU.ActiveCfg = Release|Any CPU
		{FD99EE22-B656-41BF-A178-D8588364BED3}.Release|Any CPU.Build.0 = Release|Any CPU
		{1D63ECBA-B4DF-48D3-85FD-0827EA934992}.Debug|Any CPU.ActiveCfg = Debug|Any CPU
		{1D63ECBA-B4DF-48D3-85FD-0827EA934992}.Debug|Any CPU.Build.0 = Debug|Any CPU
		{1D63ECBA-B4DF-48D3-85FD-0827EA934992}.Release|Any CPU.ActiveCfg = Release|Any CPU
		{1D63ECBA-B4DF-48D3-85FD-0827EA934992}.Release|Any CPU.Build.0 = Release|Any CPU
		{71C0BE4E-51A1-4768-A86E-2AB412652B61}.Debug|Any CPU.ActiveCfg = Debug|Any CPU
		{71C0BE4E-51A1-4768-A86E-2AB412652B61}.Debug|Any CPU.Build.0 = Debug|Any CPU
		{71C0BE4E-51A1-4768-A86E-2AB412652B61}.Release|Any CPU.ActiveCfg = Release|Any CPU
		{71C0BE4E-51A1-4768-A86E-2AB412652B61}.Release|Any CPU.Build.0 = Release|Any CPU
		{DD010DE6-241B-44B4-9118-D0B64FE12B7F}.Debug|Any CPU.ActiveCfg = Debug|Any CPU
		{DD010DE6-241B-44B4-9118-D0B64FE12B7F}.Debug|Any CPU.Build.0 = Debug|Any CPU
		{DD010DE6-241B-44B4-9118-D0B64FE12B7F}.Release|Any CPU.ActiveCfg = Release|Any CPU
		{DD010DE6-241B-44B4-9118-D0B64FE12B7F}.Release|Any CPU.Build.0 = Release|Any CPU
		{294E48CA-EA0C-4187-AA4A-A849185DC0F7}.Debug|Any CPU.ActiveCfg = Debug|Any CPU
		{294E48CA-EA0C-4187-AA4A-A849185DC0F7}.Debug|Any CPU.Build.0 = Debug|Any CPU
		{294E48CA-EA0C-4187-AA4A-A849185DC0F7}.Release|Any CPU.ActiveCfg = Release|Any CPU
		{294E48CA-EA0C-4187-AA4A-A849185DC0F7}.Release|Any CPU.Build.0 = Release|Any CPU
		{F7B2B328-FE1E-4B26-BC6E-216145B7AFF3}.Debug|Any CPU.ActiveCfg = Debug|Any CPU
		{F7B2B328-FE1E-4B26-BC6E-216145B7AFF3}.Debug|Any CPU.Build.0 = Debug|Any CPU
		{F7B2B328-FE1E-4B26-BC6E-216145B7AFF3}.Release|Any CPU.ActiveCfg = Release|Any CPU
		{F7B2B328-FE1E-4B26-BC6E-216145B7AFF3}.Release|Any CPU.Build.0 = Release|Any CPU
		{1FF941BC-CADF-4BFD-B06D-9247F488CBB6}.Debug|Any CPU.ActiveCfg = Debug|Any CPU
		{1FF941BC-CADF-4BFD-B06D-9247F488CBB6}.Debug|Any CPU.Build.0 = Debug|Any CPU
		{1FF941BC-CADF-4BFD-B06D-9247F488CBB6}.Release|Any CPU.ActiveCfg = Release|Any CPU
		{1FF941BC-CADF-4BFD-B06D-9247F488CBB6}.Release|Any CPU.Build.0 = Release|Any CPU
	EndGlobalSection
	GlobalSection(NestedProjects) = preSolution
		{34247335-C339-43AF-AAF2-86D2D7715311} = {921CC92F-69EB-464B-BD0B-318D43FD25D3}
		{40DE5076-956D-4DDC-827D-AE5588B1BEB1} = {921CC92F-69EB-464B-BD0B-318D43FD25D3}
		{FD99EE22-B656-41BF-A178-D8588364BED3} = {01EDAC98-929B-41B1-A23B-FF0A9693A6B7}
		{1D63ECBA-B4DF-48D3-85FD-0827EA934992} = {921CC92F-69EB-464B-BD0B-318D43FD25D3}
		{71C0BE4E-51A1-4768-A86E-2AB412652B61} = {01EDAC98-929B-41B1-A23B-FF0A9693A6B7}
		{DD010DE6-241B-44B4-9118-D0B64FE12B7F} = {01EDAC98-929B-41B1-A23B-FF0A9693A6B7}
		{294E48CA-EA0C-4187-AA4A-A849185DC0F7} = {921CC92F-69EB-464B-BD0B-318D43FD25D3}
		{F7B2B328-FE1E-4B26-BC6E-216145B7AFF3} = {921CC92F-69EB-464B-BD0B-318D43FD25D3}
		{1FF941BC-CADF-4BFD-B06D-9247F488CBB6} = {01EDAC98-929B-41B1-A23B-FF0A9693A6B7}
	EndGlobalSection
EndGlobal
